// !$*UTF8*$!
{
	archiveVersion = 1;
	classes = {
	};
	objectVersion = 56;
	objects = {

/* Begin PBXBuildFile section */
		D842361229EFBD9F0088ED84 /* AppDelegate.swift in Sources */ = {isa = PBXBuildFile; fileRef = D842361129EFBD9F0088ED84 /* AppDelegate.swift */; };
		D842361429EFBD9F0088ED84 /* SceneDelegate.swift in Sources */ = {isa = PBXBuildFile; fileRef = D842361329EFBD9F0088ED84 /* SceneDelegate.swift */; };
		D842361629EFBD9F0088ED84 /* RMTabBarController.swift in Sources */ = {isa = PBXBuildFile; fileRef = D842361529EFBD9F0088ED84 /* RMTabBarController.swift */; };
		D842361B29EFBDA00088ED84 /* Assets.xcassets in Resources */ = {isa = PBXBuildFile; fileRef = D842361A29EFBDA00088ED84 /* Assets.xcassets */; };
		D842361E29EFBDA00088ED84 /* LaunchScreen.storyboard in Resources */ = {isa = PBXBuildFile; fileRef = D842361C29EFBDA00088ED84 /* LaunchScreen.storyboard */; };
		D842362D29EFBE5C0088ED84 /* RMLocation.swift in Sources */ = {isa = PBXBuildFile; fileRef = D842362C29EFBE5C0088ED84 /* RMLocation.swift */; };
		D842362F29EFBE7C0088ED84 /* RMCharacter.swift in Sources */ = {isa = PBXBuildFile; fileRef = D842362E29EFBE7C0088ED84 /* RMCharacter.swift */; };
		D842363129EFBE890088ED84 /* RMEpisode.swift in Sources */ = {isa = PBXBuildFile; fileRef = D842363029EFBE890088ED84 /* RMEpisode.swift */; };
		D842363429EFC1350088ED84 /* RMCharacterViewController.swift in Sources */ = {isa = PBXBuildFile; fileRef = D842363329EFC1350088ED84 /* RMCharacterViewController.swift */; };
		D842363629EFC1470088ED84 /* RMLocationViewController.swift in Sources */ = {isa = PBXBuildFile; fileRef = D842363529EFC1470088ED84 /* RMLocationViewController.swift */; };
		D842363829EFC15B0088ED84 /* RMEpisodeViewController.swift in Sources */ = {isa = PBXBuildFile; fileRef = D842363729EFC15B0088ED84 /* RMEpisodeViewController.swift */; };
		D842363B29EFC1770088ED84 /* RMSettingsViewController.swift in Sources */ = {isa = PBXBuildFile; fileRef = D842363A29EFC1770088ED84 /* RMSettingsViewController.swift */; };
		D8A6FEDF2A6ED78000103AB7 /* RMService.swift in Sources */ = {isa = PBXBuildFile; fileRef = D8A6FEDE2A6ED77F00103AB7 /* RMService.swift */; };
		D8A6FEE12A6ED7BD00103AB7 /* RMRequest.swift in Sources */ = {isa = PBXBuildFile; fileRef = D8A6FEE02A6ED7BD00103AB7 /* RMRequest.swift */; };
		D8A6FEE32A6ED88A00103AB7 /* RMEndpoint.swift in Sources */ = {isa = PBXBuildFile; fileRef = D8A6FEE22A6ED88A00103AB7 /* RMEndpoint.swift */; };
		D8C806572A6FFEA200A257B0 /* RMOrigin.swift in Sources */ = {isa = PBXBuildFile; fileRef = D8C806562A6FFEA200A257B0 /* RMOrigin.swift */; };
		D8C806592A70005B00A257B0 /* RMSingleLocation.swift in Sources */ = {isa = PBXBuildFile; fileRef = D8C806582A70005B00A257B0 /* RMSingleLocation.swift */; };
		D8C8065B2A70020B00A257B0 /* RMCharacterStatus.swift in Sources */ = {isa = PBXBuildFile; fileRef = D8C8065A2A70020B00A257B0 /* RMCharacterStatus.swift */; };
		D8C8065D2A70021800A257B0 /* RMCharacterGender.swift in Sources */ = {isa = PBXBuildFile; fileRef = D8C8065C2A70021800A257B0 /* RMCharacterGender.swift */; };
/* End PBXBuildFile section */

/* Begin PBXFileReference section */
		D842360E29EFBD9F0088ED84 /* RickAndMorty.app */ = {isa = PBXFileReference; explicitFileType = wrapper.application; includeInIndex = 0; path = RickAndMorty.app; sourceTree = BUILT_PRODUCTS_DIR; };
		D842361129EFBD9F0088ED84 /* AppDelegate.swift */ = {isa = PBXFileReference; lastKnownFileType = sourcecode.swift; path = AppDelegate.swift; sourceTree = "<group>"; };
		D842361329EFBD9F0088ED84 /* SceneDelegate.swift */ = {isa = PBXFileReference; lastKnownFileType = sourcecode.swift; path = SceneDelegate.swift; sourceTree = "<group>"; };
		D842361529EFBD9F0088ED84 /* RMTabBarController.swift */ = {isa = PBXFileReference; lastKnownFileType = sourcecode.swift; path = RMTabBarController.swift; sourceTree = "<group>"; };
		D842361A29EFBDA00088ED84 /* Assets.xcassets */ = {isa = PBXFileReference; lastKnownFileType = folder.assetcatalog; path = Assets.xcassets; sourceTree = "<group>"; };
		D842361D29EFBDA00088ED84 /* Base */ = {isa = PBXFileReference; lastKnownFileType = file.storyboard; name = Base; path = Base.lproj/LaunchScreen.storyboard; sourceTree = "<group>"; };
		D842361F29EFBDA00088ED84 /* Info.plist */ = {isa = PBXFileReference; lastKnownFileType = text.plist.xml; path = Info.plist; sourceTree = "<group>"; };
		D842362C29EFBE5C0088ED84 /* RMLocation.swift */ = {isa = PBXFileReference; lastKnownFileType = sourcecode.swift; path = RMLocation.swift; sourceTree = "<group>"; };
		D842362E29EFBE7C0088ED84 /* RMCharacter.swift */ = {isa = PBXFileReference; lastKnownFileType = sourcecode.swift; path = RMCharacter.swift; sourceTree = "<group>"; };
		D842363029EFBE890088ED84 /* RMEpisode.swift */ = {isa = PBXFileReference; lastKnownFileType = sourcecode.swift; path = RMEpisode.swift; sourceTree = "<group>"; };
		D842363329EFC1350088ED84 /* RMCharacterViewController.swift */ = {isa = PBXFileReference; lastKnownFileType = sourcecode.swift; path = RMCharacterViewController.swift; sourceTree = "<group>"; };
		D842363529EFC1470088ED84 /* RMLocationViewController.swift */ = {isa = PBXFileReference; lastKnownFileType = sourcecode.swift; path = RMLocationViewController.swift; sourceTree = "<group>"; };
		D842363729EFC15B0088ED84 /* RMEpisodeViewController.swift */ = {isa = PBXFileReference; lastKnownFileType = sourcecode.swift; path = RMEpisodeViewController.swift; sourceTree = "<group>"; };
		D842363A29EFC1770088ED84 /* RMSettingsViewController.swift */ = {isa = PBXFileReference; lastKnownFileType = sourcecode.swift; path = RMSettingsViewController.swift; sourceTree = "<group>"; };
		D8A6FEDE2A6ED77F00103AB7 /* RMService.swift */ = {isa = PBXFileReference; lastKnownFileType = sourcecode.swift; path = RMService.swift; sourceTree = "<group>"; };
		D8A6FEE02A6ED7BD00103AB7 /* RMRequest.swift */ = {isa = PBXFileReference; lastKnownFileType = sourcecode.swift; path = RMRequest.swift; sourceTree = "<group>"; };
		D8A6FEE22A6ED88A00103AB7 /* RMEndpoint.swift */ = {isa = PBXFileReference; lastKnownFileType = sourcecode.swift; path = RMEndpoint.swift; sourceTree = "<group>"; };
		D8C806562A6FFEA200A257B0 /* RMOrigin.swift */ = {isa = PBXFileReference; lastKnownFileType = sourcecode.swift; path = RMOrigin.swift; sourceTree = "<group>"; };
		D8C806582A70005B00A257B0 /* RMSingleLocation.swift */ = {isa = PBXFileReference; lastKnownFileType = sourcecode.swift; path = RMSingleLocation.swift; sourceTree = "<group>"; };
		D8C8065A2A70020B00A257B0 /* RMCharacterStatus.swift */ = {isa = PBXFileReference; lastKnownFileType = sourcecode.swift; path = RMCharacterStatus.swift; sourceTree = "<group>"; };
		D8C8065C2A70021800A257B0 /* RMCharacterGender.swift */ = {isa = PBXFileReference; lastKnownFileType = sourcecode.swift; path = RMCharacterGender.swift; sourceTree = "<group>"; };
/* End PBXFileReference section */

/* Begin PBXFrameworksBuildPhase section */
		D842360B29EFBD9F0088ED84 /* Frameworks */ = {
			isa = PBXFrameworksBuildPhase;
			buildActionMask = 2147483647;
			files = (
			);
			runOnlyForDeploymentPostprocessing = 0;
		};
/* End PBXFrameworksBuildPhase section */

/* Begin PBXGroup section */
		D842360529EFBD9F0088ED84 = {
			isa = PBXGroup;
			children = (
				D842361029EFBD9F0088ED84 /* RickAndMorty */,
				D842360F29EFBD9F0088ED84 /* Products */,
			);
			sourceTree = "<group>";
		};
		D842360F29EFBD9F0088ED84 /* Products */ = {
			isa = PBXGroup;
			children = (
				D842360E29EFBD9F0088ED84 /* RickAndMorty.app */,
			);
			name = Products;
			sourceTree = "<group>";
		};
		D842361029EFBD9F0088ED84 /* RickAndMorty */ = {
			isa = PBXGroup;
			children = (
				D842362A29EFBE070088ED84 /* Resources */,
				D842362929EFBDFE0088ED84 /* Managers */,
				D842362829EFBDF20088ED84 /* APIClient */,
				D842362729EFBDD00088ED84 /* ViewModels */,
				D842362629EFBDB10088ED84 /* Views */,
				D842362529EFBDAA0088ED84 /* Models */,
				D842362B29EFBE280088ED84 /* Controllers */,
				D842361F29EFBDA00088ED84 /* Info.plist */,
			);
			path = RickAndMorty;
			sourceTree = "<group>";
		};
		D842362529EFBDAA0088ED84 /* Models */ = {
			isa = PBXGroup;
			children = (
				D842362C29EFBE5C0088ED84 /* RMLocation.swift */,
				D842362E29EFBE7C0088ED84 /* RMCharacter.swift */,
				D842363029EFBE890088ED84 /* RMEpisode.swift */,
				D8C806562A6FFEA200A257B0 /* RMOrigin.swift */,
				D8C806582A70005B00A257B0 /* RMSingleLocation.swift */,
				D8C8065A2A70020B00A257B0 /* RMCharacterStatus.swift */,
				D8C8065C2A70021800A257B0 /* RMCharacterGender.swift */,
			);
			path = Models;
			sourceTree = "<group>";
		};
		D842362629EFBDB10088ED84 /* Views */ = {
			isa = PBXGroup;
			children = (
			);
			path = Views;
			sourceTree = "<group>";
		};
		D842362729EFBDD00088ED84 /* ViewModels */ = {
			isa = PBXGroup;
			children = (
			);
			path = ViewModels;
			sourceTree = "<group>";
		};
		D842362829EFBDF20088ED84 /* APIClient */ = {
			isa = PBXGroup;
			children = (
				D8A6FEDE2A6ED77F00103AB7 /* RMService.swift */,
				D8A6FEE02A6ED7BD00103AB7 /* RMRequest.swift */,
				D8A6FEE22A6ED88A00103AB7 /* RMEndpoint.swift */,
			);
			path = APIClient;
			sourceTree = "<group>";
		};
		D842362929EFBDFE0088ED84 /* Managers */ = {
			isa = PBXGroup;
			children = (
			);
			path = Managers;
			sourceTree = "<group>";
		};
		D842362A29EFBE070088ED84 /* Resources */ = {
			isa = PBXGroup;
			children = (
				D842361129EFBD9F0088ED84 /* AppDelegate.swift */,
				D842361329EFBD9F0088ED84 /* SceneDelegate.swift */,
				D842361A29EFBDA00088ED84 /* Assets.xcassets */,
				D842361C29EFBDA00088ED84 /* LaunchScreen.storyboard */,
			);
			path = Resources;
			sourceTree = "<group>";
		};
		D842362B29EFBE280088ED84 /* Controllers */ = {
			isa = PBXGroup;
			children = (
				D842363229EFC0BF0088ED84 /* Core */,
			);
			path = Controllers;
			sourceTree = "<group>";
		};
		D842363229EFC0BF0088ED84 /* Core */ = {
			isa = PBXGroup;
			children = (
				D842361529EFBD9F0088ED84 /* RMTabBarController.swift */,
				D842363329EFC1350088ED84 /* RMCharacterViewController.swift */,
				D842363529EFC1470088ED84 /* RMLocationViewController.swift */,
				D842363729EFC15B0088ED84 /* RMEpisodeViewController.swift */,
				D842363A29EFC1770088ED84 /* RMSettingsViewController.swift */,
			);
			path = Core;
			sourceTree = "<group>";
		};
/* End PBXGroup section */

/* Begin PBXNativeTarget section */
		D842360D29EFBD9F0088ED84 /* RickAndMorty */ = {
			isa = PBXNativeTarget;
			buildConfigurationList = D842362229EFBDA00088ED84 /* Build configuration list for PBXNativeTarget "RickAndMorty" */;
			buildPhases = (
				D842360A29EFBD9F0088ED84 /* Sources */,
				D842360B29EFBD9F0088ED84 /* Frameworks */,
				D842360C29EFBD9F0088ED84 /* Resources */,
			);
			buildRules = (
			);
			dependencies = (
			);
			name = RickAndMorty;
			productName = RickAndMorty;
			productReference = D842360E29EFBD9F0088ED84 /* RickAndMorty.app */;
			productType = "com.apple.product-type.application";
		};
/* End PBXNativeTarget section */

/* Begin PBXProject section */
		D842360629EFBD9F0088ED84 /* Project object */ = {
			isa = PBXProject;
			attributes = {
				BuildIndependentTargetsInParallel = 1;
				LastSwiftUpdateCheck = 1410;
				LastUpgradeCheck = 1410;
				TargetAttributes = {
					D842360D29EFBD9F0088ED84 = {
						CreatedOnToolsVersion = 14.1;
					};
				};
			};
			buildConfigurationList = D842360929EFBD9F0088ED84 /* Build configuration list for PBXProject "RickAndMorty" */;
			compatibilityVersion = "Xcode 14.0";
			developmentRegion = en;
			hasScannedForEncodings = 0;
			knownRegions = (
				en,
				Base,
			);
			mainGroup = D842360529EFBD9F0088ED84;
			productRefGroup = D842360F29EFBD9F0088ED84 /* Products */;
			projectDirPath = "";
			projectRoot = "";
			targets = (
				D842360D29EFBD9F0088ED84 /* RickAndMorty */,
			);
		};
/* End PBXProject section */

/* Begin PBXResourcesBuildPhase section */
		D842360C29EFBD9F0088ED84 /* Resources */ = {
			isa = PBXResourcesBuildPhase;
			buildActionMask = 2147483647;
			files = (
				D842361E29EFBDA00088ED84 /* LaunchScreen.storyboard in Resources */,
				D842361B29EFBDA00088ED84 /* Assets.xcassets in Resources */,
			);
			runOnlyForDeploymentPostprocessing = 0;
		};
/* End PBXResourcesBuildPhase section */

/* Begin PBXSourcesBuildPhase section */
		D842360A29EFBD9F0088ED84 /* Sources */ = {
			isa = PBXSourcesBuildPhase;
			buildActionMask = 2147483647;
			files = (
				D8C806572A6FFEA200A257B0 /* RMOrigin.swift in Sources */,
				D8C806592A70005B00A257B0 /* RMSingleLocation.swift in Sources */,
				D8C8065B2A70020B00A257B0 /* RMCharacterStatus.swift in Sources */,
				D8C8065D2A70021800A257B0 /* RMCharacterGender.swift in Sources */,
				D8A6FEE32A6ED88A00103AB7 /* RMEndpoint.swift in Sources */,
				D842363629EFC1470088ED84 /* RMLocationViewController.swift in Sources */,
				D842363129EFBE890088ED84 /* RMEpisode.swift in Sources */,
				D842361629EFBD9F0088ED84 /* RMTabBarController.swift in Sources */,
				D842363829EFC15B0088ED84 /* RMEpisodeViewController.swift in Sources */,
				D842361229EFBD9F0088ED84 /* AppDelegate.swift in Sources */,
				D842361429EFBD9F0088ED84 /* SceneDelegate.swift in Sources */,
				D842363B29EFC1770088ED84 /* RMSettingsViewController.swift in Sources */,
				D8A6FEDF2A6ED78000103AB7 /* RMService.swift in Sources */,
				D842362D29EFBE5C0088ED84 /* RMLocation.swift in Sources */,
				D842362F29EFBE7C0088ED84 /* RMCharacter.swift in Sources */,
				D8A6FEE12A6ED7BD00103AB7 /* RMRequest.swift in Sources */,
				D842363429EFC1350088ED84 /* RMCharacterViewController.swift in Sources */,
			);
			runOnlyForDeploymentPostprocessing = 0;
		};
/* End PBXSourcesBuildPhase section */

/* Begin PBXVariantGroup section */
		D842361C29EFBDA00088ED84 /* LaunchScreen.storyboard */ = {
			isa = PBXVariantGroup;
			children = (
				D842361D29EFBDA00088ED84 /* Base */,
			);
			name = LaunchScreen.storyboard;
			sourceTree = "<group>";
		};
/* End PBXVariantGroup section */

/* Begin XCBuildConfiguration section */
		D842362029EFBDA00088ED84 /* Debug */ = {
			isa = XCBuildConfiguration;
			buildSettings = {
				ALWAYS_SEARCH_USER_PATHS = NO;
				CLANG_ANALYZER_NONNULL = YES;
				CLANG_ANALYZER_NUMBER_OBJECT_CONVERSION = YES_AGGRESSIVE;
				CLANG_CXX_LANGUAGE_STANDARD = "gnu++20";
				CLANG_ENABLE_MODULES = YES;
				CLANG_ENABLE_OBJC_ARC = YES;
				CLANG_ENABLE_OBJC_WEAK = YES;
				CLANG_WARN_BLOCK_CAPTURE_AUTORELEASING = YES;
				CLANG_WARN_BOOL_CONVERSION = YES;
				CLANG_WARN_COMMA = YES;
				CLANG_WARN_CONSTANT_CONVERSION = YES;
				CLANG_WARN_DEPRECATED_OBJC_IMPLEMENTATIONS = YES;
				CLANG_WARN_DIRECT_OBJC_ISA_USAGE = YES_ERROR;
				CLANG_WARN_DOCUMENTATION_COMMENTS = YES;
				CLANG_WARN_EMPTY_BODY = YES;
				CLANG_WARN_ENUM_CONVERSION = YES;
				CLANG_WARN_INFINITE_RECURSION = YES;
				CLANG_WARN_INT_CONVERSION = YES;
				CLANG_WARN_NON_LITERAL_NULL_CONVERSION = YES;
				CLANG_WARN_OBJC_IMPLICIT_RETAIN_SELF = YES;
				CLANG_WARN_OBJC_LITERAL_CONVERSION = YES;
				CLANG_WARN_OBJC_ROOT_CLASS = YES_ERROR;
				CLANG_WARN_QUOTED_INCLUDE_IN_FRAMEWORK_HEADER = YES;
				CLANG_WARN_RANGE_LOOP_ANALYSIS = YES;
				CLANG_WARN_STRICT_PROTOTYPES = YES;
				CLANG_WARN_SUSPICIOUS_MOVE = YES;
				CLANG_WARN_UNGUARDED_AVAILABILITY = YES_AGGRESSIVE;
				CLANG_WARN_UNREACHABLE_CODE = YES;
				CLANG_WARN__DUPLICATE_METHOD_MATCH = YES;
				COPY_PHASE_STRIP = NO;
				DEBUG_INFORMATION_FORMAT = dwarf;
				ENABLE_STRICT_OBJC_MSGSEND = YES;
				ENABLE_TESTABILITY = YES;
				GCC_C_LANGUAGE_STANDARD = gnu11;
				GCC_DYNAMIC_NO_PIC = NO;
				GCC_NO_COMMON_BLOCKS = YES;
				GCC_OPTIMIZATION_LEVEL = 0;
				GCC_PREPROCESSOR_DEFINITIONS = (
					"DEBUG=1",
					"$(inherited)",
				);
				GCC_WARN_64_TO_32_BIT_CONVERSION = YES;
				GCC_WARN_ABOUT_RETURN_TYPE = YES_ERROR;
				GCC_WARN_UNDECLARED_SELECTOR = YES;
				GCC_WARN_UNINITIALIZED_AUTOS = YES_AGGRESSIVE;
				GCC_WARN_UNUSED_FUNCTION = YES;
				GCC_WARN_UNUSED_VARIABLE = YES;
				IPHONEOS_DEPLOYMENT_TARGET = 16.1;
				MTL_ENABLE_DEBUG_INFO = INCLUDE_SOURCE;
				MTL_FAST_MATH = YES;
				ONLY_ACTIVE_ARCH = YES;
				SDKROOT = iphoneos;
				SWIFT_ACTIVE_COMPILATION_CONDITIONS = DEBUG;
				SWIFT_OPTIMIZATION_LEVEL = "-Onone";
			};
			name = Debug;
		};
		D842362129EFBDA00088ED84 /* Release */ = {
			isa = XCBuildConfiguration;
			buildSettings = {
				ALWAYS_SEARCH_USER_PATHS = NO;
				CLANG_ANALYZER_NONNULL = YES;
				CLANG_ANALYZER_NUMBER_OBJECT_CONVERSION = YES_AGGRESSIVE;
				CLANG_CXX_LANGUAGE_STANDARD = "gnu++20";
				CLANG_ENABLE_MODULES = YES;
				CLANG_ENABLE_OBJC_ARC = YES;
				CLANG_ENABLE_OBJC_WEAK = YES;
				CLANG_WARN_BLOCK_CAPTURE_AUTORELEASING = YES;
				CLANG_WARN_BOOL_CONVERSION = YES;
				CLANG_WARN_COMMA = YES;
				CLANG_WARN_CONSTANT_CONVERSION = YES;
				CLANG_WARN_DEPRECATED_OBJC_IMPLEMENTATIONS = YES;
				CLANG_WARN_DIRECT_OBJC_ISA_USAGE = YES_ERROR;
				CLANG_WARN_DOCUMENTATION_COMMENTS = YES;
				CLANG_WARN_EMPTY_BODY = YES;
				CLANG_WARN_ENUM_CONVERSION = YES;
				CLANG_WARN_INFINITE_RECURSION = YES;
				CLANG_WARN_INT_CONVERSION = YES;
				CLANG_WARN_NON_LITERAL_NULL_CONVERSION = YES;
				CLANG_WARN_OBJC_IMPLICIT_RETAIN_SELF = YES;
				CLANG_WARN_OBJC_LITERAL_CONVERSION = YES;
				CLANG_WARN_OBJC_ROOT_CLASS = YES_ERROR;
				CLANG_WARN_QUOTED_INCLUDE_IN_FRAMEWORK_HEADER = YES;
				CLANG_WARN_RANGE_LOOP_ANALYSIS = YES;
				CLANG_WARN_STRICT_PROTOTYPES = YES;
				CLANG_WARN_SUSPICIOUS_MOVE = YES;
				CLANG_WARN_UNGUARDED_AVAILABILITY = YES_AGGRESSIVE;
				CLANG_WARN_UNREACHABLE_CODE = YES;
				CLANG_WARN__DUPLICATE_METHOD_MATCH = YES;
				COPY_PHASE_STRIP = NO;
				DEBUG_INFORMATION_FORMAT = "dwarf-with-dsym";
				ENABLE_NS_ASSERTIONS = NO;
				ENABLE_STRICT_OBJC_MSGSEND = YES;
				GCC_C_LANGUAGE_STANDARD = gnu11;
				GCC_NO_COMMON_BLOCKS = YES;
				GCC_WARN_64_TO_32_BIT_CONVERSION = YES;
				GCC_WARN_ABOUT_RETURN_TYPE = YES_ERROR;
				GCC_WARN_UNDECLARED_SELECTOR = YES;
				GCC_WARN_UNINITIALIZED_AUTOS = YES_AGGRESSIVE;
				GCC_WARN_UNUSED_FUNCTION = YES;
				GCC_WARN_UNUSED_VARIABLE = YES;
				IPHONEOS_DEPLOYMENT_TARGET = 16.1;
				MTL_ENABLE_DEBUG_INFO = NO;
				MTL_FAST_MATH = YES;
				SDKROOT = iphoneos;
				SWIFT_COMPILATION_MODE = wholemodule;
				SWIFT_OPTIMIZATION_LEVEL = "-O";
				VALIDATE_PRODUCT = YES;
			};
			name = Release;
		};
		D842362329EFBDA00088ED84 /* Debug */ = {
			isa = XCBuildConfiguration;
			buildSettings = {
				ASSETCATALOG_COMPILER_APPICON_NAME = AppIcon;
				ASSETCATALOG_COMPILER_GLOBAL_ACCENT_COLOR_NAME = AccentColor;
				CODE_SIGN_STYLE = Automatic;
				CURRENT_PROJECT_VERSION = 1;
				GENERATE_INFOPLIST_FILE = YES;
				INFOPLIST_FILE = RickAndMorty/Info.plist;
				INFOPLIST_KEY_UIApplicationSupportsIndirectInputEvents = YES;
				INFOPLIST_KEY_UILaunchStoryboardName = LaunchScreen;
				INFOPLIST_KEY_UISupportedInterfaceOrientations_iPad = "UIInterfaceOrientationPortrait UIInterfaceOrientationPortraitUpsideDown UIInterfaceOrientationLandscapeLeft UIInterfaceOrientationLandscapeRight";
				INFOPLIST_KEY_UISupportedInterfaceOrientations_iPhone = "UIInterfaceOrientationPortrait UIInterfaceOrientationLandscapeLeft UIInterfaceOrientationLandscapeRight";
				LD_RUNPATH_SEARCH_PATHS = (
					"$(inherited)",
					"@executable_path/Frameworks",
				);
				MARKETING_VERSION = 1.0;
				PRODUCT_BUNDLE_IDENTIFIER = arsalan.RickAndMorty;
				PRODUCT_NAME = "$(TARGET_NAME)";
				SWIFT_EMIT_LOC_STRINGS = YES;
				SWIFT_VERSION = 5.0;
				TARGETED_DEVICE_FAMILY = "1,2";
			};
			name = Debug;
		};
		D842362429EFBDA00088ED84 /* Release */ = {
			isa = XCBuildConfiguration;
			buildSettings = {
				ASSETCATALOG_COMPILER_APPICON_NAME = AppIcon;
				ASSETCATALOG_COMPILER_GLOBAL_ACCENT_COLOR_NAME = AccentColor;
				CODE_SIGN_STYLE = Automatic;
				CURRENT_PROJECT_VERSION = 1;
				GENERATE_INFOPLIST_FILE = YES;
				INFOPLIST_FILE = RickAndMorty/Info.plist;
				INFOPLIST_KEY_UIApplicationSupportsIndirectInputEvents = YES;
				INFOPLIST_KEY_UILaunchStoryboardName = LaunchScreen;
				INFOPLIST_KEY_UISupportedInterfaceOrientations_iPad = "UIInterfaceOrientationPortrait UIInterfaceOrientationPortraitUpsideDown UIInterfaceOrientationLandscapeLeft UIInterfaceOrientationLandscapeRight";
				INFOPLIST_KEY_UISupportedInterfaceOrientations_iPhone = "UIInterfaceOrientationPortrait UIInterfaceOrientationLandscapeLeft UIInterfaceOrientationLandscapeRight";
				LD_RUNPATH_SEARCH_PATHS = (
					"$(inherited)",
					"@executable_path/Frameworks",
				);
				MARKETING_VERSION = 1.0;
				PRODUCT_BUNDLE_IDENTIFIER = arsalan.RickAndMorty;
				PRODUCT_NAME = "$(TARGET_NAME)";
				SWIFT_EMIT_LOC_STRINGS = YES;
				SWIFT_VERSION = 5.0;
				TARGETED_DEVICE_FAMILY = "1,2";
			};
			name = Release;
		};
/* End XCBuildConfiguration section */

/* Begin XCConfigurationList section */
		D842360929EFBD9F0088ED84 /* Build configuration list for PBXProject "RickAndMorty" */ = {
			isa = XCConfigurationList;
			buildConfigurations = (
				D842362029EFBDA00088ED84 /* Debug */,
				D842362129EFBDA00088ED84 /* Release */,
			);
			defaultConfigurationIsVisible = 0;
			defaultConfigurationName = Release;
		};
		D842362229EFBDA00088ED84 /* Build configuration list for PBXNativeTarget "RickAndMorty" */ = {
			isa = XCConfigurationList;
			buildConfigurations = (
				D842362329EFBDA00088ED84 /* Debug */,
				D842362429EFBDA00088ED84 /* Release */,
			);
			defaultConfigurationIsVisible = 0;
			defaultConfigurationName = Release;
		};
/* End XCConfigurationList section */
	};
	rootObject = D842360629EFBD9F0088ED84 /* Project object */;
}
